
Microsoft Visual Studio Solution File, Format Version 12.00
# Visual Studio Version 17
VisualStudioVersion = 17.0.31919.166
MinimumVisualStudioVersion = 10.0.40219.1
Project("{FAE04EC0-301F-11D3-BF4B-00C04F79EFBC}") = "WindowsFormsApp1", "WindowsFormsApp1\WindowsFormsApp1.csproj", "{38141A7E-3613-41F7-9AAA-AA40144B67D9}"
EndProject
Project("{2150E333-8FDC-42A3-9474-1A3956D46DE8}") = "Solution Items", "Solution Items", "{CDB91369-247B-4E7D-9190-317E931387A4}"
EndProject
Global
	GlobalSection(SolutionConfigurationPlatforms) = preSolution
		Debug|Any CPU = Debug|Any CPU
		Release|Any CPU = Release|Any CPU
	EndGlobalSection
	GlobalSection(ProjectConfigurationPlatforms) = postSolution
		{38141A7E-3613-41F7-9AAA-AA40144B67D9}.Debug|Any CPU.ActiveCfg = Debug|Any CPU
		{38141A7E-3613-41F7-9AAA-AA40144B67D9}.Debug|Any CPU.Build.0 = Debug|Any CPU
		{38141A7E-3613-41F7-9AAA-AA40144B67D9}.Release|Any CPU.ActiveCfg = Release|Any CPU
		{38141A7E-3613-41F7-9AAA-AA40144B67D9}.Release|Any CPU.Build.0 = Release|Any CPU
	EndGlobalSection
	GlobalSection(SolutionProperties) = preSolution
		HideSolutionNode = FALSE
	EndGlobalSection
	GlobalSection(ExtensibilityGlobals) = postSolution
		SolutionGuid = {ACE38A96-F9E5-4AFD-A539-983CC059BD7A}
	EndGlobalSection
EndGlobal
